
Microsoft Visual Studio Solution File, Format Version 12.00
# Visual Studio 15
VisualStudioVersion = 15.0.27703.2026
MinimumVisualStudioVersion = 10.0.40219.1
Project("{FAE04EC0-301F-11D3-BF4B-00C04F79EFBC}") = "SignalRChat", "SignalRChat\SignalRChat.csproj", "{BC1A5903-0226-452D-A176-9BCB3F77AC04}"
EndProject
Global
	GlobalSection(SolutionConfigurationPlatforms) = preSolution
		Debug|Any CPU = Debug|Any CPU
		Release|Any CPU = Release|Any CPU
	EndGlobalSection
	GlobalSection(ProjectConfigurationPlatforms) = postSolution
		{BC1A5903-0226-452D-A176-9BCB3F77AC04}.Debug|Any CPU.ActiveCfg = Debug|Any CPU
		{BC1A5903-0226-452D-A176-9BCB3F77AC04}.Debug|Any CPU.Build.0 = Debug|Any CPU
		{BC1A5903-0226-452D-A176-9BCB3F77AC04}.Release|Any CPU.ActiveCfg = Release|Any CPU
		{BC1A5903-0226-452D-A176-9BCB3F77AC04}.Release|Any CPU.Build.0 = Release|Any CPU
	EndGlobalSection
	GlobalSection(SolutionProperties) = preSolution
		HideSolutionNode = FALSE
	EndGlobalSection
	GlobalSection(ExtensibilityGlobals) = postSolution
		SolutionGuid = {303C859B-57D6-4617-9900-DB3D74077AA7}
	EndGlobalSection
EndGlobal
